
Microsoft Visual Studio Solution File, Format Version 12.00
# Visual Studio Version 16
VisualStudioVersion = 16.0.29613.14
MinimumVisualStudioVersion = 10.0.40219.1
Project("{9A19103F-16F7-4668-BE54-9A1E7A4F7556}") = "BethanysPieShopHRM.Shared", "BethanysPieShopHRM.Shared\BethanysPieShopHRM.Shared.csproj", "{B4A244D3-C0EA-4F10-82A4-354A45D2D84C}"
EndProject
Project("{FAE04EC0-301F-11D3-BF4B-00C04F79EFBC}") = "BethanysPieShopHRM.Server", "BethanysPieShopHRM.Server\BethanysPieShopHRM.Server.csproj", "{45148F9B-5A88-4BFB-8A76-FA7103958115}"
EndProject
Global
	GlobalSection(SolutionConfigurationPlatforms) = preSolution
		Debug|Any CPU = Debug|Any CPU
		Release|Any CPU = Release|Any CPU
	EndGlobalSection
	GlobalSection(ProjectConfigurationPlatforms) = postSolution
		{B4A244D3-C0EA-4F10-82A4-354A45D2D84C}.Debug|Any CPU.ActiveCfg = Debug|Any CPU
		{B4A244D3-C0EA-4F10-82A4-354A45D2D84C}.Debug|Any CPU.Build.0 = Debug|Any CPU
		{B4A244D3-C0EA-4F10-82A4-354A45D2D84C}.Release|Any CPU.ActiveCfg = Release|Any CPU
		{B4A244D3-C0EA-4F10-82A4-354A45D2D84C}.Release|Any CPU.Build.0 = Release|Any CPU
		{45148F9B-5A88-4BFB-8A76-FA7103958115}.Debug|Any CPU.ActiveCfg = Debug|Any CPU
		{45148F9B-5A88-4BFB-8A76-FA7103958115}.Debug|Any CPU.Build.0 = Debug|Any CPU
		{45148F9B-5A88-4BFB-8A76-FA7103958115}.Release|Any CPU.ActiveCfg = Release|Any CPU
		{45148F9B-5A88-4BFB-8A76-FA7103958115}.Release|Any CPU.Build.0 = Release|Any CPU
	EndGlobalSection
	GlobalSection(SolutionProperties) = preSolution
		HideSolutionNode = FALSE
	EndGlobalSection
	GlobalSection(ExtensibilityGlobals) = postSolution
		SolutionGuid = {7E46455A-FB59-4FFB-8877-ABF3169BF6B3}
	EndGlobalSection
EndGlobal
